# THIS IS AN AUTOGENERATED FILE. DO NOT EDIT THIS FILE DIRECTLY.
# yarn lockfile v1


simple-validation-tools@GoNZooo/simple-validation-tools#d68d0b11e16f3cc04bb3abf06869f2415d4f4371:
  version "1.2.0"
  resolved "https://codeload.github.com/GoNZooo/simple-validation-tools/tar.gz/d68d0b11e16f3cc04bb3abf06869f2415d4f4371"
