# THIS IS AN AUTOGENERATED FILE. DO NOT EDIT THIS FILE DIRECTLY.
# yarn lockfile v1


simple-validation-tools@GoNZooo/simple-validation-tools#2ae3fce38ccfc44e13e30f884d92bce778c6ebfd:
  version "1.0.0"
  resolved "https://codeload.github.com/GoNZooo/simple-validation-tools/tar.gz/2ae3fce38ccfc44e13e30f884d92bce778c6ebfd"
