# THIS IS AN AUTOGENERATED FILE. DO NOT EDIT THIS FILE DIRECTLY.
# yarn lockfile v1


simple-validation-tools@GoNZooo/simple-validation-tools#3abf0168d1db89d1cbb2d0b2878ff9ef11632609:
  version "1.0.0"
  resolved "https://codeload.github.com/GoNZooo/simple-validation-tools/tar.gz/3abf0168d1db89d1cbb2d0b2878ff9ef11632609"
